
Microsoft Visual Studio Solution File, Format Version 12.00
# Visual Studio Version 17
VisualStudioVersion = 17.1.32421.90
MinimumVisualStudioVersion = 10.0.40219.1
Project("{FAE04EC0-301F-11D3-BF4B-00C04F79EFBC}") = "OOP8-IDZ", "OOP8-IDZ\OOP8-IDZ.csproj", "{E802C8D4-3AF3-4583-ABB6-4BB96236F064}"
EndProject
Global
	GlobalSection(SolutionConfigurationPlatforms) = preSolution
		Debug|Any CPU = Debug|Any CPU
		Release|Any CPU = Release|Any CPU
	EndGlobalSection
	GlobalSection(ProjectConfigurationPlatforms) = postSolution
		{E802C8D4-3AF3-4583-ABB6-4BB96236F064}.Debug|Any CPU.ActiveCfg = Debug|Any CPU
		{E802C8D4-3AF3-4583-ABB6-4BB96236F064}.Debug|Any CPU.Build.0 = Debug|Any CPU
		{E802C8D4-3AF3-4583-ABB6-4BB96236F064}.Release|Any CPU.ActiveCfg = Release|Any CPU
		{E802C8D4-3AF3-4583-ABB6-4BB96236F064}.Release|Any CPU.Build.0 = Release|Any CPU
	EndGlobalSection
	GlobalSection(SolutionProperties) = preSolution
		HideSolutionNode = FALSE
	EndGlobalSection
	GlobalSection(ExtensibilityGlobals) = postSolution
		SolutionGuid = {C9CE8720-4A70-40A6-ABDD-92F88223B55A}
	EndGlobalSection
EndGlobal
